packages:
  - name: dbt_utils
    package: dbt-labs/dbt_utils
    version: 1.3.0
  - name: codegen
    package: dbt-labs/codegen
    version: 0.12.1
  - name: snowflake_spend
    package: gitlabhq/snowflake_spend
    version: 1.4.0
  - name: dbt_meta_testing
    package: tnightengale/dbt_meta_testing
    version: 0.3.6
sha1_hash: 224b2a79f83046c777dfc703a19265175d08666f
